
Microsoft Visual Studio Solution File, Format Version 12.00
# Visual Studio Version 17
VisualStudioVersion = 17.9.34714.143
MinimumVisualStudioVersion = 10.0.40219.1
Project("{9A19103F-16F7-4668-BE54-9A1E7A4F7556}") = "StudyWire.API", "StudyWire.API\StudyWire.API.csproj", "{7C7D62BF-CB89-47B1-A201-02DB3C310C24}"
EndProject
Project("{9A19103F-16F7-4668-BE54-9A1E7A4F7556}") = "StudyWire.Domain", "StudyWire.Domain\StudyWire.Domain.csproj", "{6773B0F6-6C6B-49CD-88BD-68697801D023}"
EndProject
Project("{9A19103F-16F7-4668-BE54-9A1E7A4F7556}") = "StudyWire.Infrastructure", "StudyWire.Infrastructure\StudyWire.Infrastructure.csproj", "{A248E668-2424-4D8A-B8E1-7A76682556F3}"
EndProject
Project("{9A19103F-16F7-4668-BE54-9A1E7A4F7556}") = "StudyWire.Application", "StudyWire.Application\StudyWire.Application.csproj", "{0A33A526-F3F7-4D6D-92E9-A25311EEB882}"
EndProject
Project("{9A19103F-16F7-4668-BE54-9A1E7A4F7556}") = "Shared", "Shared\Shared.csproj", "{A8E20C5F-69C4-4777-9581-C95CBEEE8F07}"
EndProject
Global
	GlobalSection(SolutionConfigurationPlatforms) = preSolution
		Debug|Any CPU = Debug|Any CPU
		Release|Any CPU = Release|Any CPU
	EndGlobalSection
	GlobalSection(ProjectConfigurationPlatforms) = postSolution
		{7C7D62BF-CB89-47B1-A201-02DB3C310C24}.Debug|Any CPU.ActiveCfg = Debug|Any CPU
		{7C7D62BF-CB89-47B1-A201-02DB3C310C24}.Debug|Any CPU.Build.0 = Debug|Any CPU
		{7C7D62BF-CB89-47B1-A201-02DB3C310C24}.Release|Any CPU.ActiveCfg = Release|Any CPU
		{7C7D62BF-CB89-47B1-A201-02DB3C310C24}.Release|Any CPU.Build.0 = Release|Any CPU
		{6773B0F6-6C6B-49CD-88BD-68697801D023}.Debug|Any CPU.ActiveCfg = Debug|Any CPU
		{6773B0F6-6C6B-49CD-88BD-68697801D023}.Debug|Any CPU.Build.0 = Debug|Any CPU
		{6773B0F6-6C6B-49CD-88BD-68697801D023}.Release|Any CPU.ActiveCfg = Release|Any CPU
		{6773B0F6-6C6B-49CD-88BD-68697801D023}.Release|Any CPU.Build.0 = Release|Any CPU
		{A248E668-2424-4D8A-B8E1-7A76682556F3}.Debug|Any CPU.ActiveCfg = Debug|Any CPU
		{A248E668-2424-4D8A-B8E1-7A76682556F3}.Debug|Any CPU.Build.0 = Debug|Any CPU
		{A248E668-2424-4D8A-B8E1-7A76682556F3}.Release|Any CPU.ActiveCfg = Release|Any CPU
		{A248E668-2424-4D8A-B8E1-7A76682556F3}.Release|Any CPU.Build.0 = Release|Any CPU
		{0A33A526-F3F7-4D6D-92E9-A25311EEB882}.Debug|Any CPU.ActiveCfg = Debug|Any CPU
		{0A33A526-F3F7-4D6D-92E9-A25311EEB882}.Debug|Any CPU.Build.0 = Debug|Any CPU
		{0A33A526-F3F7-4D6D-92E9-A25311EEB882}.Release|Any CPU.ActiveCfg = Release|Any CPU
		{0A33A526-F3F7-4D6D-92E9-A25311EEB882}.Release|Any CPU.Build.0 = Release|Any CPU
		{A8E20C5F-69C4-4777-9581-C95CBEEE8F07}.Debug|Any CPU.ActiveCfg = Debug|Any CPU
		{A8E20C5F-69C4-4777-9581-C95CBEEE8F07}.Debug|Any CPU.Build.0 = Debug|Any CPU
		{A8E20C5F-69C4-4777-9581-C95CBEEE8F07}.Release|Any CPU.ActiveCfg = Release|Any CPU
		{A8E20C5F-69C4-4777-9581-C95CBEEE8F07}.Release|Any CPU.Build.0 = Release|Any CPU
	EndGlobalSection
	GlobalSection(SolutionProperties) = preSolution
		HideSolutionNode = FALSE
	EndGlobalSection
	GlobalSection(ExtensibilityGlobals) = postSolution
		SolutionGuid = {8373E82E-3133-41DB-8313-4756D4F46F8D}
	EndGlobalSection
EndGlobal
